{
  "name": "pp-validate",
  "lockfileVersion": 2,
  "requires": true,
  "packages": {
    "": {
      "dependencies": {
        "pp-is": "^1.0.4"
      }
    },
    "node_modules/pp-is": {
      "version": "1.0.6",
      "resolved": "https://registry.npmjs.org/pp-is/-/pp-is-1.0.6.tgz",
      "integrity": "sha512-ZWk3PvSIU62gt77OIrFVbpRx68lR9/QjLZGCp+zQbTj70wn7drJqrAwCYoIiALEgWyIj1Bflc0mnE8f8UzxpXA=="
    }
  },
  "dependencies": {
    "pp-is": {
      "version": "1.0.6",
      "resolved": "https://registry.npmjs.org/pp-is/-/pp-is-1.0.6.tgz",
      "integrity": "sha512-ZWk3PvSIU62gt77OIrFVbpRx68lR9/QjLZGCp+zQbTj70wn7drJqrAwCYoIiALEgWyIj1Bflc0mnE8f8UzxpXA=="
    }
  }
}
