{
  "name": "pp-validate",
  "lockfileVersion": 2,
  "requires": true,
  "packages": {
    "": {
      "dependencies": {
        "pp-is": "^1.0.4"
      }
    },
    "node_modules/pp-is": {
      "version": "1.0.4",
      "resolved": "https://registry.npmjs.org/pp-is/-/pp-is-1.0.4.tgz",
      "integrity": "sha512-FV04BLs+rb4NQ/NOaWd9IbOgR+KMczH8sxhZ6a9ZyyRH3sdgvJtSF1HSlwmUrBr+XxOnNCARLtqDhCuYBPrM3Q=="
    }
  },
  "dependencies": {
    "pp-is": {
      "version": "1.0.4",
      "resolved": "https://registry.npmjs.org/pp-is/-/pp-is-1.0.4.tgz",
      "integrity": "sha512-FV04BLs+rb4NQ/NOaWd9IbOgR+KMczH8sxhZ6a9ZyyRH3sdgvJtSF1HSlwmUrBr+XxOnNCARLtqDhCuYBPrM3Q=="
    }
  }
}
