{
  "name": "pp-validate",
  "lockfileVersion": 2,
  "requires": true,
  "packages": {
    "": {
      "dependencies": {
        "pp-is": "^1.0.4"
      }
    },
    "node_modules/pp-is": {
      "version": "1.0.7",
      "resolved": "https://registry.npmjs.org/pp-is/-/pp-is-1.0.7.tgz",
      "integrity": "sha512-JFzzormJBKrgMwkYO/G59jKvCAoNfSPYrHkjN2ObejXpF9QHe17M1r7A3mVYaCbm/hvX6ubx0/x+jWeLaSK4Qw=="
    }
  },
  "dependencies": {
    "pp-is": {
      "version": "1.0.7",
      "resolved": "https://registry.npmjs.org/pp-is/-/pp-is-1.0.7.tgz",
      "integrity": "sha512-JFzzormJBKrgMwkYO/G59jKvCAoNfSPYrHkjN2ObejXpF9QHe17M1r7A3mVYaCbm/hvX6ubx0/x+jWeLaSK4Qw=="
    }
  }
}
